
Microsoft Visual Studio Solution File, Format Version 12.00
# Visual Studio Version 17
VisualStudioVersion = 17.13.35931.197 d17.13
MinimumVisualStudioVersion = 10.0.40219.1
Project("{FAE04EC0-301F-11D3-BF4B-00C04F79EFBC}") = "Task API", "Task API\Task API.csproj", "{CD561DFB-2781-4223-BE53-6C82A5FCCFB2}"
EndProject
Global
	GlobalSection(SolutionConfigurationPlatforms) = preSolution
		Debug|Any CPU = Debug|Any CPU
		Release|Any CPU = Release|Any CPU
	EndGlobalSection
	GlobalSection(ProjectConfigurationPlatforms) = postSolution
		{CD561DFB-2781-4223-BE53-6C82A5FCCFB2}.Debug|Any CPU.ActiveCfg = Debug|Any CPU
		{CD561DFB-2781-4223-BE53-6C82A5FCCFB2}.Debug|Any CPU.Build.0 = Debug|Any CPU
		{CD561DFB-2781-4223-BE53-6C82A5FCCFB2}.Release|Any CPU.ActiveCfg = Release|Any CPU
		{CD561DFB-2781-4223-BE53-6C82A5FCCFB2}.Release|Any CPU.Build.0 = Release|Any CPU
	EndGlobalSection
	GlobalSection(SolutionProperties) = preSolution
		HideSolutionNode = FALSE
	EndGlobalSection
	GlobalSection(ExtensibilityGlobals) = postSolution
		SolutionGuid = {90533D69-AA47-441D-A252-DC644DD33EBC}
	EndGlobalSection
EndGlobal
